schema: '2.0'
stages:
  preprocess:
    cmd: srun --gres=gpu:1 python -m re_nobm_pcc.preprocess
    deps:
    - path: data/nobm
      md5: 311c67999373af7bcf996c1833ae5dff.dir
      size: 1727710729
      nfiles: 13
    - path: re_nobm_pcc/kit.py
      md5: 99ef1f4ef25197e1c2723c3b7527b31c
      size: 1588
    - path: re_nobm_pcc/preprocess.py
      md5: 8c4e3cc219a2f674503f032ba4ee4e82
      size: 2965
    outs:
    - path: data/sample.nc
      md5: be86867d4c9ad91deb00a12bfaf905de
      size: 2165615
    - path: data/test
      md5: 211a7ae5565d79cf59e3cbbb5462772e.dir
      size: 226777743
      nfiles: 3
    - path: data/train
      md5: 68ac8a8346105999795030dda22028cd.dir
      size: 682500039
      nfiles: 3
    - path: data/validate
      md5: 13110ae58d015a923b1d8b150dadd27e.dir
      size: 227634448
      nfiles: 3
  preview:
    cmd: jupyter nbconvert --execute --no-input --to html --output preview.html notebooks/preview.ipynb
    deps:
    - path: data/nobm
      md5: 311c67999373af7bcf996c1833ae5dff.dir
      size: 1727710729
      nfiles: 13
    - path: notebooks/preview.ipynb
      md5: e9a356e89549c7e472add9da95578e51
      size: 7543543
    - path: re_nobm_pcc/kit.py
      md5: c7a41dca524640c0383d5e8295c6ff4a
      size: 1552
    - path: re_nobm_pcc/preprocess.py
      md5: 87c0c4e17fda701f38da439588ee84ec
      size: 2592
    outs:
    - path: notebooks/preview.html
      md5: 0717431e54023af6ceac5602807dc4a1
      size: 7233222
  learn:
    cmd: srun --gres=gpu:1 python -m re_nobm_pcc.learn
    deps:
    - path: data/test
      md5: 211a7ae5565d79cf59e3cbbb5462772e.dir
      size: 226777743
      nfiles: 3
    - path: data/train
      md5: 68ac8a8346105999795030dda22028cd.dir
      size: 682500039
      nfiles: 3
    - path: data/validate
      md5: 13110ae58d015a923b1d8b150dadd27e.dir
      size: 227634448
      nfiles: 3
    - path: re_nobm_pcc/kit.py
      md5: 99ef1f4ef25197e1c2723c3b7527b31c
      size: 1588
    - path: re_nobm_pcc/learn.py
      md5: 95884c8c038ee2d228aa4143d5b1b333
      size: 4115
    outs:
    - path: data/fit.npz
      md5: f310914f8e22f07bd7edcaee8019895a
      size: 18160
    - path: data/metrics.json
      md5: 8a4194640af3e7a8523520e8658c4809
      size: 703
    - path: data/model
      md5: 2037ed6d50c58dffc59909d617f35e21.dir
      size: 880085
      nfiles: 4
  evaluate:
    cmd: jupyter nbconvert --execute --no-input --to html --output evaluate.html notebooks/evaluate.ipynb
    deps:
    - path: data/fit.npz
      md5: f310914f8e22f07bd7edcaee8019895a
      size: 18160
    - path: data/metrics.json
      md5: 8a4194640af3e7a8523520e8658c4809
      size: 703
    - path: data/model
      md5: 2037ed6d50c58dffc59909d617f35e21.dir
      size: 880085
      nfiles: 4
    - path: notebooks/evaluate.ipynb
      md5: d2b010ec80a04746523b378e1d5c27bb
      size: 7699597
    outs:
    - path: notebooks/evaluate.html
      md5: b7cc11d2483491e82c6704be8c5a752f
      size: 4393440
