schema: '2.0'
stages:
  simulate:
    cmd:
    - mkdir -p logs
    - mkdir oasim
    - "sbatch --wait --job-name=\"re_nobm_pcc.simulate\" --output=\"logs/%x-%j.out\"\
      \ --array=0-287 --mem-per-cpu=20480M --exclude=poseidon-compute-13 task python
      -m re_nobm_pcc.simulate\n"
    deps:
    - path: nobm
      md5: 1969c09f5db81861e86170f151efd445.dir
      size: 716098958064
      nfiles: 6912
    - path: oasim_param
      md5: 7bca5ebd633e56bea5f6e6cee4644ea9.dir
      size: 205042
      nfiles: 17
    outs:
    - path: oasim
      md5: a1ccf63bb14b6a60c5fb49130674cee7.dir
      size: 1254780302688
      nfiles: 288
